
Microsoft Visual Studio Solution File, Format Version 12.00
# Visual Studio Version 17
VisualStudioVersion = 17.0.31903.59
MinimumVisualStudioVersion = 10.0.40219.1
Project("{FAE04EC0-301F-11D3-BF4B-00C04F79EFBC}") = "API", "API\API.csproj", "{3B5098F4-C355-4317-9276-127AE04F2BEF}"
EndProject
Project("{FAE04EC0-301F-11D3-BF4B-00C04F79EFBC}") = "Core", "Core\Core.csproj", "{09F6C829-A66A-40DB-96A8-1FDE4C023D74}"
EndProject
Project("{FAE04EC0-301F-11D3-BF4B-00C04F79EFBC}") = "Infrastructure", "Infrastructure\Infrastructure.csproj", "{AA98BDE0-7C32-44F9-9396-4CC077ACB415}"
EndProject
Global
	GlobalSection(SolutionConfigurationPlatforms) = preSolution
		Debug|Any CPU = Debug|Any CPU
		Release|Any CPU = Release|Any CPU
	EndGlobalSection
	GlobalSection(SolutionProperties) = preSolution
		HideSolutionNode = FALSE
	EndGlobalSection
	GlobalSection(ProjectConfigurationPlatforms) = postSolution
		{3B5098F4-C355-4317-9276-127AE04F2BEF}.Debug|Any CPU.ActiveCfg = Debug|Any CPU
		{3B5098F4-C355-4317-9276-127AE04F2BEF}.Debug|Any CPU.Build.0 = Debug|Any CPU
		{3B5098F4-C355-4317-9276-127AE04F2BEF}.Release|Any CPU.ActiveCfg = Release|Any CPU
		{3B5098F4-C355-4317-9276-127AE04F2BEF}.Release|Any CPU.Build.0 = Release|Any CPU
		{09F6C829-A66A-40DB-96A8-1FDE4C023D74}.Debug|Any CPU.ActiveCfg = Debug|Any CPU
		{09F6C829-A66A-40DB-96A8-1FDE4C023D74}.Debug|Any CPU.Build.0 = Debug|Any CPU
		{09F6C829-A66A-40DB-96A8-1FDE4C023D74}.Release|Any CPU.ActiveCfg = Release|Any CPU
		{09F6C829-A66A-40DB-96A8-1FDE4C023D74}.Release|Any CPU.Build.0 = Release|Any CPU
		{AA98BDE0-7C32-44F9-9396-4CC077ACB415}.Debug|Any CPU.ActiveCfg = Debug|Any CPU
		{AA98BDE0-7C32-44F9-9396-4CC077ACB415}.Debug|Any CPU.Build.0 = Debug|Any CPU
		{AA98BDE0-7C32-44F9-9396-4CC077ACB415}.Release|Any CPU.ActiveCfg = Release|Any CPU
		{AA98BDE0-7C32-44F9-9396-4CC077ACB415}.Release|Any CPU.Build.0 = Release|Any CPU
	EndGlobalSection
EndGlobal
